
Microsoft Visual Studio Solution File, Format Version 12.00
# Visual Studio Version 16
VisualStudioVersion = 16.0.29009.5
MinimumVisualStudioVersion = 10.0.40219.1
Project("{FAE04EC0-301F-11D3-BF4B-00C04F79EFBC}") = "MergeSort", "MergeSort\MergeSort.csproj", "{3AB23407-3747-4124-A9A8-617D1B2B169D}"
EndProject
Global
	GlobalSection(SolutionConfigurationPlatforms) = preSolution
		Debug|Any CPU = Debug|Any CPU
		Release|Any CPU = Release|Any CPU
	EndGlobalSection
	GlobalSection(ProjectConfigurationPlatforms) = postSolution
		{3AB23407-3747-4124-A9A8-617D1B2B169D}.Debug|Any CPU.ActiveCfg = Debug|Any CPU
		{3AB23407-3747-4124-A9A8-617D1B2B169D}.Debug|Any CPU.Build.0 = Debug|Any CPU
		{3AB23407-3747-4124-A9A8-617D1B2B169D}.Release|Any CPU.ActiveCfg = Release|Any CPU
		{3AB23407-3747-4124-A9A8-617D1B2B169D}.Release|Any CPU.Build.0 = Release|Any CPU
	EndGlobalSection
	GlobalSection(SolutionProperties) = preSolution
		HideSolutionNode = FALSE
	EndGlobalSection
	GlobalSection(ExtensibilityGlobals) = postSolution
		SolutionGuid = {53DD82CD-CABA-4E09-9CFC-39B38D227C76}
	EndGlobalSection
EndGlobal
